
Microsoft Visual Studio Solution File, Format Version 12.00
# Visual Studio 2013
VisualStudioVersion = 12.0.21005.1
MinimumVisualStudioVersion = 10.0.40219.1
Project("{FAE04EC0-301F-11D3-BF4B-00C04F79EFBC}") = "01. SumOfThreeNumbers", "01. SumOfThreeNumbers\01. SumOfThreeNumbers.csproj", "{10FAC0D5-AC23-4B7A-BC57-FF9F3BC07E21}"
EndProject
Project("{FAE04EC0-301F-11D3-BF4B-00C04F79EFBC}") = "02. PrintCompanyInformation", "02. PrintCompanyInformation\02. PrintCompanyInformation.csproj", "{8C3EFC30-5038-4125-8930-9031C41A3A91}"
EndProject
Project("{FAE04EC0-301F-11D3-BF4B-00C04F79EFBC}") = "03. CirclePerimeterAndArea", "03. CirclePerimeterAndArea\03. CirclePerimeterAndArea.csproj", "{D16031C1-3923-44CE-8066-482D0E750838}"
EndProject
Project("{FAE04EC0-301F-11D3-BF4B-00C04F79EFBC}") = "04. NumberComparer", "04. NumberComparer\04. NumberComparer.csproj", "{D3893F0B-56E0-4477-ACEF-601537C6CBB0}"
EndProject
Project("{FAE04EC0-301F-11D3-BF4B-00C04F79EFBC}") = "05. FormattingNumbers", "05. FormattingNumbers\05. FormattingNumbers.csproj", "{EAFDBAD4-EF75-4A33-91EC-6E4890FB0336}"
EndProject
Project("{FAE04EC0-301F-11D3-BF4B-00C04F79EFBC}") = "06. QuadraticEquation", "06. QuadraticEquation\06. QuadraticEquation.csproj", "{987E3681-6B03-435E-BB98-D9DB62495F12}"
EndProject
Project("{FAE04EC0-301F-11D3-BF4B-00C04F79EFBC}") = "07. SumOfFiveNumbers", "07. SumOfFiveNumbers\07. SumOfFiveNumbers.csproj", "{B1F1D28D-D1D0-468A-B2E5-12140BED64B0}"
EndProject
Project("{FAE04EC0-301F-11D3-BF4B-00C04F79EFBC}") = "08. NumbersFromOneToN", "08. NumbersFromOneToN\08. NumbersFromOneToN.csproj", "{65FEAFDE-28B0-4C48-B76D-B9291E7C40E8}"
EndProject
Project("{FAE04EC0-301F-11D3-BF4B-00C04F79EFBC}") = "09. SumOfNNumbers", "09. SumOfNNumbers\09. SumOfNNumbers.csproj", "{17930F49-E87E-495F-A14E-349CC17CE2FA}"
EndProject
Project("{FAE04EC0-301F-11D3-BF4B-00C04F79EFBC}") = "10. FibonacciNumbers", "10. FibonacciNumbers\10. FibonacciNumbers.csproj", "{F440005A-81B9-45F6-B0D5-9C8D274411D6}"
EndProject
Project("{FAE04EC0-301F-11D3-BF4B-00C04F79EFBC}") = "11. NumbersInIntervalDividableGivenNum", "11. NumbersInIntervalDividableGivenNum\11. NumbersInIntervalDividableGivenNum.csproj", "{8AF203BF-4D1B-4D52-9C7D-8D9647B4A93D}"
EndProject
Global
	GlobalSection(SolutionConfigurationPlatforms) = preSolution
		Debug|Any CPU = Debug|Any CPU
		Release|Any CPU = Release|Any CPU
	EndGlobalSection
	GlobalSection(ProjectConfigurationPlatforms) = postSolution
		{10FAC0D5-AC23-4B7A-BC57-FF9F3BC07E21}.Debug|Any CPU.ActiveCfg = Debug|Any CPU
		{10FAC0D5-AC23-4B7A-BC57-FF9F3BC07E21}.Debug|Any CPU.Build.0 = Debug|Any CPU
		{10FAC0D5-AC23-4B7A-BC57-FF9F3BC07E21}.Release|Any CPU.ActiveCfg = Release|Any CPU
		{10FAC0D5-AC23-4B7A-BC57-FF9F3BC07E21}.Release|Any CPU.Build.0 = Release|Any CPU
		{8C3EFC30-5038-4125-8930-9031C41A3A91}.Debug|Any CPU.ActiveCfg = Debug|Any CPU
		{8C3EFC30-5038-4125-8930-9031C41A3A91}.Debug|Any CPU.Build.0 = Debug|Any CPU
		{8C3EFC30-5038-4125-8930-9031C41A3A91}.Release|Any CPU.ActiveCfg = Release|Any CPU
		{8C3EFC30-5038-4125-8930-9031C41A3A91}.Release|Any CPU.Build.0 = Release|Any CPU
		{D16031C1-3923-44CE-8066-482D0E750838}.Debug|Any CPU.ActiveCfg = Debug|Any CPU
		{D16031C1-3923-44CE-8066-482D0E750838}.Debug|Any CPU.Build.0 = Debug|Any CPU
		{D16031C1-3923-44CE-8066-482D0E750838}.Release|Any CPU.ActiveCfg = Release|Any CPU
		{D16031C1-3923-44CE-8066-482D0E750838}.Release|Any CPU.Build.0 = Release|Any CPU
		{D3893F0B-56E0-4477-ACEF-601537C6CBB0}.Debug|Any CPU.ActiveCfg = Debug|Any CPU
		{D3893F0B-56E0-4477-ACEF-601537C6CBB0}.Debug|Any CPU.Build.0 = Debug|Any CPU
		{D3893F0B-56E0-4477-ACEF-601537C6CBB0}.Release|Any CPU.ActiveCfg = Release|Any CPU
		{D3893F0B-56E0-4477-ACEF-601537C6CBB0}.Release|Any CPU.Build.0 = Release|Any CPU
		{EAFDBAD4-EF75-4A33-91EC-6E4890FB0336}.Debug|Any CPU.ActiveCfg = Debug|Any CPU
		{EAFDBAD4-EF75-4A33-91EC-6E4890FB0336}.Debug|Any CPU.Build.0 = Debug|Any CPU
		{EAFDBAD4-EF75-4A33-91EC-6E4890FB0336}.Release|Any CPU.ActiveCfg = Release|Any CPU
		{EAFDBAD4-EF75-4A33-91EC-6E4890FB0336}.Release|Any CPU.Build.0 = Release|Any CPU
		{987E3681-6B03-435E-BB98-D9DB62495F12}.Debug|Any CPU.ActiveCfg = Debug|Any CPU
		{987E3681-6B03-435E-BB98-D9DB62495F12}.Debug|Any CPU.Build.0 = Debug|Any CPU
		{987E3681-6B03-435E-BB98-D9DB62495F12}.Release|Any CPU.ActiveCfg = Release|Any CPU
		{987E3681-6B03-435E-BB98-D9DB62495F12}.Release|Any CPU.Build.0 = Release|Any CPU
		{B1F1D28D-D1D0-468A-B2E5-12140BED64B0}.Debug|Any CPU.ActiveCfg = Debug|Any CPU
		{B1F1D28D-D1D0-468A-B2E5-12140BED64B0}.Debug|Any CPU.Build.0 = Debug|Any CPU
		{B1F1D28D-D1D0-468A-B2E5-12140BED64B0}.Release|Any CPU.ActiveCfg = Release|Any CPU
		{B1F1D28D-D1D0-468A-B2E5-12140BED64B0}.Release|Any CPU.Build.0 = Release|Any CPU
		{65FEAFDE-28B0-4C48-B76D-B9291E7C40E8}.Debug|Any CPU.ActiveCfg = Debug|Any CPU
		{65FEAFDE-28B0-4C48-B76D-B9291E7C40E8}.Debug|Any CPU.Build.0 = Debug|Any CPU
		{65FEAFDE-28B0-4C48-B76D-B9291E7C40E8}.Release|Any CPU.ActiveCfg = Release|Any CPU
		{65FEAFDE-28B0-4C48-B76D-B9291E7C40E8}.Release|Any CPU.Build.0 = Release|Any CPU
		{17930F49-E87E-495F-A14E-349CC17CE2FA}.Debug|Any CPU.ActiveCfg = Debug|Any CPU
		{17930F49-E87E-495F-A14E-349CC17CE2FA}.Debug|Any CPU.Build.0 = Debug|Any CPU
		{17930F49-E87E-495F-A14E-349CC17CE2FA}.Release|Any CPU.ActiveCfg = Release|Any CPU
		{17930F49-E87E-495F-A14E-349CC17CE2FA}.Release|Any CPU.Build.0 = Release|Any CPU
		{F440005A-81B9-45F6-B0D5-9C8D274411D6}.Debug|Any CPU.ActiveCfg = Debug|Any CPU
		{F440005A-81B9-45F6-B0D5-9C8D274411D6}.Debug|Any CPU.Build.0 = Debug|Any CPU
		{F440005A-81B9-45F6-B0D5-9C8D274411D6}.Release|Any CPU.ActiveCfg = Release|Any CPU
		{F440005A-81B9-45F6-B0D5-9C8D274411D6}.Release|Any CPU.Build.0 = Release|Any CPU
		{8AF203BF-4D1B-4D52-9C7D-8D9647B4A93D}.Debug|Any CPU.ActiveCfg = Debug|Any CPU
		{8AF203BF-4D1B-4D52-9C7D-8D9647B4A93D}.Debug|Any CPU.Build.0 = Debug|Any CPU
		{8AF203BF-4D1B-4D52-9C7D-8D9647B4A93D}.Release|Any CPU.ActiveCfg = Release|Any CPU
		{8AF203BF-4D1B-4D52-9C7D-8D9647B4A93D}.Release|Any CPU.Build.0 = Release|Any CPU
	EndGlobalSection
	GlobalSection(SolutionProperties) = preSolution
		HideSolutionNode = FALSE
	EndGlobalSection
EndGlobal
